{
  "requires": true,
  "lockfileVersion": 1,
  "dependencies": {
    "@types/three": {
      "version": "0.93.13",
      "resolved": "https://registry.npmjs.org/@types/three/-/three-0.93.13.tgz",
      "integrity": "sha512-DPlMCir7A2iEviGK/t0gmcsWqTLDTLXOmZO4gwrl2kBnQe/n7PRxAFxrMBLxPlu6+RLDmKEf34lwC7OfvPy9wA==",
      "dev": true
    }
  }
}
